
Microsoft Visual Studio Solution File, Format Version 12.00
# Visual Studio Version 17
VisualStudioVersion = 17.5.002.0
MinimumVisualStudioVersion = 10.0.40219.1
Project("{9A19103F-16F7-4668-BE54-9A1E7A4F7556}") = "lab-9-maze-part-2-starlink200", "lab-9-maze-part-2-starlink200.csproj", "{6BB2044C-5091-47E8-98FF-70F509135FD4}"
EndProject
Global
	GlobalSection(SolutionConfigurationPlatforms) = preSolution
		Debug|Any CPU = Debug|Any CPU
		Release|Any CPU = Release|Any CPU
	EndGlobalSection
	GlobalSection(ProjectConfigurationPlatforms) = postSolution
		{6BB2044C-5091-47E8-98FF-70F509135FD4}.Debug|Any CPU.ActiveCfg = Debug|Any CPU
		{6BB2044C-5091-47E8-98FF-70F509135FD4}.Debug|Any CPU.Build.0 = Debug|Any CPU
		{6BB2044C-5091-47E8-98FF-70F509135FD4}.Release|Any CPU.ActiveCfg = Release|Any CPU
		{6BB2044C-5091-47E8-98FF-70F509135FD4}.Release|Any CPU.Build.0 = Release|Any CPU
	EndGlobalSection
	GlobalSection(SolutionProperties) = preSolution
		HideSolutionNode = FALSE
	EndGlobalSection
	GlobalSection(ExtensibilityGlobals) = postSolution
		SolutionGuid = {478955A5-3810-4F14-BF3E-95F4C5C2F1FF}
	EndGlobalSection
EndGlobal
